
Microsoft Visual Studio Solution File, Format Version 12.00
# Visual Studio Version 16
VisualStudioVersion = 16.0.33423.256
MinimumVisualStudioVersion = 10.0.40219.1
Project("{FAE04EC0-301F-11D3-BF4B-00C04F79EFBC}") = "GTMI Shopping", "WindowsFormsApp3\GTMI Shopping.csproj", "{93F09B12-C82E-4781-B2DC-354FA009FACD}"
EndProject
Global
	GlobalSection(SolutionConfigurationPlatforms) = preSolution
		Debug|Any CPU = Debug|Any CPU
		Release|Any CPU = Release|Any CPU
	EndGlobalSection
	GlobalSection(ProjectConfigurationPlatforms) = postSolution
		{93F09B12-C82E-4781-B2DC-354FA009FACD}.Debug|Any CPU.ActiveCfg = Release|Any CPU
		{93F09B12-C82E-4781-B2DC-354FA009FACD}.Debug|Any CPU.Build.0 = Release|Any CPU
		{93F09B12-C82E-4781-B2DC-354FA009FACD}.Release|Any CPU.ActiveCfg = Release|Any CPU
		{93F09B12-C82E-4781-B2DC-354FA009FACD}.Release|Any CPU.Build.0 = Release|Any CPU
	EndGlobalSection
	GlobalSection(SolutionProperties) = preSolution
		HideSolutionNode = FALSE
	EndGlobalSection
	GlobalSection(ExtensibilityGlobals) = postSolution
		SolutionGuid = {512E6AFE-3214-4804-89C9-76438E54AACA}
	EndGlobalSection
EndGlobal
